
Microsoft Visual Studio Solution File, Format Version 12.00
# Visual Studio Version 16
VisualStudioVersion = 16.0.29020.237
MinimumVisualStudioVersion = 10.0.40219.1
Project("{9A19103F-16F7-4668-BE54-9A1E7A4F7556}") = "WmiSharp", "WmiSharp\WmiSharp.csproj", "{6AD7F99B-A99F-4CD8-A719-90E78070370C}"
EndProject
Project("{FAE04EC0-301F-11D3-BF4B-00C04F79EFBC}") = "WmiSharp.Test", "WmiSharp.Test\WmiSharp.Test.csproj", "{203E3FA1-F3F1-47AE-AB14-855DD5724BD5}"
EndProject
Global
	GlobalSection(SolutionConfigurationPlatforms) = preSolution
		Debug|Any CPU = Debug|Any CPU
		Release|Any CPU = Release|Any CPU
	EndGlobalSection
	GlobalSection(ProjectConfigurationPlatforms) = postSolution
		{6AD7F99B-A99F-4CD8-A719-90E78070370C}.Debug|Any CPU.ActiveCfg = Debug|Any CPU
		{6AD7F99B-A99F-4CD8-A719-90E78070370C}.Debug|Any CPU.Build.0 = Debug|Any CPU
		{6AD7F99B-A99F-4CD8-A719-90E78070370C}.Release|Any CPU.ActiveCfg = Release|Any CPU
		{6AD7F99B-A99F-4CD8-A719-90E78070370C}.Release|Any CPU.Build.0 = Release|Any CPU
		{203E3FA1-F3F1-47AE-AB14-855DD5724BD5}.Debug|Any CPU.ActiveCfg = Debug|Any CPU
		{203E3FA1-F3F1-47AE-AB14-855DD5724BD5}.Debug|Any CPU.Build.0 = Debug|Any CPU
		{203E3FA1-F3F1-47AE-AB14-855DD5724BD5}.Release|Any CPU.ActiveCfg = Release|Any CPU
		{203E3FA1-F3F1-47AE-AB14-855DD5724BD5}.Release|Any CPU.Build.0 = Release|Any CPU
	EndGlobalSection
	GlobalSection(SolutionProperties) = preSolution
		HideSolutionNode = FALSE
	EndGlobalSection
	GlobalSection(ExtensibilityGlobals) = postSolution
		SolutionGuid = {C3002DF6-EF24-4B82-BDDA-647ACAE962A9}
	EndGlobalSection
EndGlobal
